PODS:
  - MBProgressHUD (1.0.0)
  - SwiftyJSON (3.1.4)

DEPENDENCIES:
  - MBProgressHUD (~> 1.0.0)
  - SwiftyJSON (= 3.1.4)

SPEC CHECKSUMS:
  MBProgressHUD: 4890f671c94e8a0f3cf959aa731e9de2f036d71a
  SwiftyJSON: c2842d878f95482ffceec5709abc3d05680c0220

PODFILE CHECKSUM: d310522bdd1899e8ce16c4d2efd360a5d951cd26

COCOAPODS: 1.2.1
